
Microsoft Visual Studio Solution File, Format Version 12.00
Project("{FAE04EC0-301F-11D3-BF4B-00C04F79EFBC}") = "API", "API\API.csproj", "{4FF00F4D-FC50-4FD7-9C97-10EDF49ADABA}"
EndProject
Project("{FAE04EC0-301F-11D3-BF4B-00C04F79EFBC}") = "Data", "Data\Data.csproj", "{2BC84B1B-828F-47A0-9E56-7AC395E0D28E}"
EndProject
Project("{FAE04EC0-301F-11D3-BF4B-00C04F79EFBC}") = "Service", "Service\Service.csproj", "{496DAF42-D726-45E6-9097-3039349519CD}"
EndProject
Project("{FAE04EC0-301F-11D3-BF4B-00C04F79EFBC}") = "DataEF", "DataEF\DataEF.csproj", "{C456D281-D636-4BC5-A13E-4B36ABEFD579}"
EndProject
Project("{FAE04EC0-301F-11D3-BF4B-00C04F79EFBC}") = "Migrations", "Migrations\Migrations.csproj", "{ACCCDAC6-A438-4652-AAFC-6F9D6F8A9D61}"
EndProject
Project("{FAE04EC0-301F-11D3-BF4B-00C04F79EFBC}") = "BackgroundWorker", "BackgroundWorker\BackgroundWorker.csproj", "{D336C2EC-995F-4FFA-9F9F-8FE90A14B2F5}"
EndProject
Global
	GlobalSection(SolutionConfigurationPlatforms) = preSolution
		Debug|Any CPU = Debug|Any CPU
		Release|Any CPU = Release|Any CPU
	EndGlobalSection
	GlobalSection(ProjectConfigurationPlatforms) = postSolution
		{4FF00F4D-FC50-4FD7-9C97-10EDF49ADABA}.Debug|Any CPU.ActiveCfg = Debug|Any CPU
		{4FF00F4D-FC50-4FD7-9C97-10EDF49ADABA}.Debug|Any CPU.Build.0 = Debug|Any CPU
		{4FF00F4D-FC50-4FD7-9C97-10EDF49ADABA}.Release|Any CPU.ActiveCfg = Release|Any CPU
		{4FF00F4D-FC50-4FD7-9C97-10EDF49ADABA}.Release|Any CPU.Build.0 = Release|Any CPU
		{2BC84B1B-828F-47A0-9E56-7AC395E0D28E}.Debug|Any CPU.ActiveCfg = Debug|Any CPU
		{2BC84B1B-828F-47A0-9E56-7AC395E0D28E}.Debug|Any CPU.Build.0 = Debug|Any CPU
		{2BC84B1B-828F-47A0-9E56-7AC395E0D28E}.Release|Any CPU.ActiveCfg = Release|Any CPU
		{2BC84B1B-828F-47A0-9E56-7AC395E0D28E}.Release|Any CPU.Build.0 = Release|Any CPU
		{496DAF42-D726-45E6-9097-3039349519CD}.Debug|Any CPU.ActiveCfg = Debug|Any CPU
		{496DAF42-D726-45E6-9097-3039349519CD}.Debug|Any CPU.Build.0 = Debug|Any CPU
		{496DAF42-D726-45E6-9097-3039349519CD}.Release|Any CPU.ActiveCfg = Release|Any CPU
		{496DAF42-D726-45E6-9097-3039349519CD}.Release|Any CPU.Build.0 = Release|Any CPU
		{C456D281-D636-4BC5-A13E-4B36ABEFD579}.Debug|Any CPU.ActiveCfg = Debug|Any CPU
		{C456D281-D636-4BC5-A13E-4B36ABEFD579}.Debug|Any CPU.Build.0 = Debug|Any CPU
		{C456D281-D636-4BC5-A13E-4B36ABEFD579}.Release|Any CPU.ActiveCfg = Release|Any CPU
		{C456D281-D636-4BC5-A13E-4B36ABEFD579}.Release|Any CPU.Build.0 = Release|Any CPU
		{ACCCDAC6-A438-4652-AAFC-6F9D6F8A9D61}.Debug|Any CPU.ActiveCfg = Debug|Any CPU
		{ACCCDAC6-A438-4652-AAFC-6F9D6F8A9D61}.Debug|Any CPU.Build.0 = Debug|Any CPU
		{ACCCDAC6-A438-4652-AAFC-6F9D6F8A9D61}.Release|Any CPU.ActiveCfg = Release|Any CPU
		{ACCCDAC6-A438-4652-AAFC-6F9D6F8A9D61}.Release|Any CPU.Build.0 = Release|Any CPU
		{D336C2EC-995F-4FFA-9F9F-8FE90A14B2F5}.Debug|Any CPU.ActiveCfg = Debug|Any CPU
		{D336C2EC-995F-4FFA-9F9F-8FE90A14B2F5}.Debug|Any CPU.Build.0 = Debug|Any CPU
		{D336C2EC-995F-4FFA-9F9F-8FE90A14B2F5}.Release|Any CPU.ActiveCfg = Release|Any CPU
		{D336C2EC-995F-4FFA-9F9F-8FE90A14B2F5}.Release|Any CPU.Build.0 = Release|Any CPU
	EndGlobalSection
EndGlobal
